
Microsoft Visual Studio Solution File, Format Version 12.00
# Visual Studio Version 16
VisualStudioVersion = 16.0.29806.167
MinimumVisualStudioVersion = 10.0.40219.1
Project("{FAE04EC0-301F-11D3-BF4B-00C04F79EFBC}") = "Pokedex_xf.Android", "Pokedex_xf\Pokedex_xf.Android\Pokedex_xf.Android.csproj", "{94CD6372-9575-4D85-A328-7C4A1E8094F9}"
EndProject
Project("{FAE04EC0-301F-11D3-BF4B-00C04F79EFBC}") = "Pokedex_xf.iOS", "Pokedex_xf\Pokedex_xf.iOS\Pokedex_xf.iOS.csproj", "{6BB8ED58-06E8-4753-B827-D3DBE85B38FA}"
EndProject
Project("{FAE04EC0-301F-11D3-BF4B-00C04F79EFBC}") = "Pokedex_xf", "Pokedex_xf\Pokedex_xf\Pokedex_xf.csproj", "{5D31F8A4-E33C-4E37-94C7-356C9C2B4E3E}"
EndProject
Global
	GlobalSection(SolutionConfigurationPlatforms) = preSolution
		Debug|Any CPU = Debug|Any CPU
		Debug|iPhone = Debug|iPhone
		Debug|iPhoneSimulator = Debug|iPhoneSimulator
		Release|Any CPU = Release|Any CPU
		Release|iPhone = Release|iPhone
		Release|iPhoneSimulator = Release|iPhoneSimulator
	EndGlobalSection
	GlobalSection(ProjectConfigurationPlatforms) = postSolution
		{94CD6372-9575-4D85-A328-7C4A1E8094F9}.Debug|Any CPU.ActiveCfg = Debug|Any CPU
		{94CD6372-9575-4D85-A328-7C4A1E8094F9}.Debug|Any CPU.Build.0 = Debug|Any CPU
		{94CD6372-9575-4D85-A328-7C4A1E8094F9}.Debug|Any CPU.Deploy.0 = Debug|Any CPU
		{94CD6372-9575-4D85-A328-7C4A1E8094F9}.Debug|iPhone.ActiveCfg = Debug|Any CPU
		{94CD6372-9575-4D85-A328-7C4A1E8094F9}.Debug|iPhone.Build.0 = Debug|Any CPU
		{94CD6372-9575-4D85-A328-7C4A1E8094F9}.Debug|iPhone.Deploy.0 = Debug|Any CPU
		{94CD6372-9575-4D85-A328-7C4A1E8094F9}.Debug|iPhoneSimulator.ActiveCfg = Debug|Any CPU
		{94CD6372-9575-4D85-A328-7C4A1E8094F9}.Debug|iPhoneSimulator.Build.0 = Debug|Any CPU
		{94CD6372-9575-4D85-A328-7C4A1E8094F9}.Debug|iPhoneSimulator.Deploy.0 = Debug|Any CPU
		{94CD6372-9575-4D85-A328-7C4A1E8094F9}.Release|Any CPU.ActiveCfg = Release|Any CPU
		{94CD6372-9575-4D85-A328-7C4A1E8094F9}.Release|Any CPU.Build.0 = Release|Any CPU
		{94CD6372-9575-4D85-A328-7C4A1E8094F9}.Release|Any CPU.Deploy.0 = Release|Any CPU
		{94CD6372-9575-4D85-A328-7C4A1E8094F9}.Release|iPhone.ActiveCfg = Release|Any CPU
		{94CD6372-9575-4D85-A328-7C4A1E8094F9}.Release|iPhone.Build.0 = Release|Any CPU
		{94CD6372-9575-4D85-A328-7C4A1E8094F9}.Release|iPhone.Deploy.0 = Release|Any CPU
		{94CD6372-9575-4D85-A328-7C4A1E8094F9}.Release|iPhoneSimulator.ActiveCfg = Release|Any CPU
		{94CD6372-9575-4D85-A328-7C4A1E8094F9}.Release|iPhoneSimulator.Build.0 = Release|Any CPU
		{94CD6372-9575-4D85-A328-7C4A1E8094F9}.Release|iPhoneSimulator.Deploy.0 = Release|Any CPU
		{6BB8ED58-06E8-4753-B827-D3DBE85B38FA}.Debug|Any CPU.ActiveCfg = Debug|iPhoneSimulator
		{6BB8ED58-06E8-4753-B827-D3DBE85B38FA}.Debug|Any CPU.Build.0 = Debug|iPhoneSimulator
		{6BB8ED58-06E8-4753-B827-D3DBE85B38FA}.Debug|Any CPU.Deploy.0 = Debug|iPhoneSimulator
		{6BB8ED58-06E8-4753-B827-D3DBE85B38FA}.Debug|iPhone.ActiveCfg = Debug|iPhone
		{6BB8ED58-06E8-4753-B827-D3DBE85B38FA}.Debug|iPhone.Build.0 = Debug|iPhone
		{6BB8ED58-06E8-4753-B827-D3DBE85B38FA}.Debug|iPhone.Deploy.0 = Debug|iPhone
		{6BB8ED58-06E8-4753-B827-D3DBE85B38FA}.Debug|iPhoneSimulator.ActiveCfg = Debug|iPhoneSimulator
		{6BB8ED58-06E8-4753-B827-D3DBE85B38FA}.Debug|iPhoneSimulator.Build.0 = Debug|iPhoneSimulator
		{6BB8ED58-06E8-4753-B827-D3DBE85B38FA}.Debug|iPhoneSimulator.Deploy.0 = Debug|iPhoneSimulator
		{6BB8ED58-06E8-4753-B827-D3DBE85B38FA}.Release|Any CPU.ActiveCfg = Release|iPhone
		{6BB8ED58-06E8-4753-B827-D3DBE85B38FA}.Release|Any CPU.Build.0 = Release|iPhone
		{6BB8ED58-06E8-4753-B827-D3DBE85B38FA}.Release|Any CPU.Deploy.0 = Release|iPhone
		{6BB8ED58-06E8-4753-B827-D3DBE85B38FA}.Release|iPhone.ActiveCfg = Release|iPhone
		{6BB8ED58-06E8-4753-B827-D3DBE85B38FA}.Release|iPhone.Build.0 = Release|iPhone
		{6BB8ED58-06E8-4753-B827-D3DBE85B38FA}.Release|iPhone.Deploy.0 = Release|iPhone
		{6BB8ED58-06E8-4753-B827-D3DBE85B38FA}.Release|iPhoneSimulator.ActiveCfg = Release|iPhoneSimulator
		{6BB8ED58-06E8-4753-B827-D3DBE85B38FA}.Release|iPhoneSimulator.Build.0 = Release|iPhoneSimulator
		{6BB8ED58-06E8-4753-B827-D3DBE85B38FA}.Release|iPhoneSimulator.Deploy.0 = Release|iPhoneSimulator
		{5D31F8A4-E33C-4E37-94C7-356C9C2B4E3E}.Debug|Any CPU.ActiveCfg = Debug|Any CPU
		{5D31F8A4-E33C-4E37-94C7-356C9C2B4E3E}.Debug|Any CPU.Build.0 = Debug|Any CPU
		{5D31F8A4-E33C-4E37-94C7-356C9C2B4E3E}.Debug|Any CPU.Deploy.0 = Debug|Any CPU
		{5D31F8A4-E33C-4E37-94C7-356C9C2B4E3E}.Debug|iPhone.ActiveCfg = Debug|Any CPU
		{5D31F8A4-E33C-4E37-94C7-356C9C2B4E3E}.Debug|iPhone.Build.0 = Debug|Any CPU
		{5D31F8A4-E33C-4E37-94C7-356C9C2B4E3E}.Debug|iPhone.Deploy.0 = Debug|Any CPU
		{5D31F8A4-E33C-4E37-94C7-356C9C2B4E3E}.Debug|iPhoneSimulator.ActiveCfg = Debug|Any CPU
		{5D31F8A4-E33C-4E37-94C7-356C9C2B4E3E}.Debug|iPhoneSimulator.Build.0 = Debug|Any CPU
		{5D31F8A4-E33C-4E37-94C7-356C9C2B4E3E}.Debug|iPhoneSimulator.Deploy.0 = Debug|Any CPU
		{5D31F8A4-E33C-4E37-94C7-356C9C2B4E3E}.Release|Any CPU.ActiveCfg = Release|Any CPU
		{5D31F8A4-E33C-4E37-94C7-356C9C2B4E3E}.Release|Any CPU.Build.0 = Release|Any CPU
		{5D31F8A4-E33C-4E37-94C7-356C9C2B4E3E}.Release|Any CPU.Deploy.0 = Release|Any CPU
		{5D31F8A4-E33C-4E37-94C7-356C9C2B4E3E}.Release|iPhone.ActiveCfg = Release|Any CPU
		{5D31F8A4-E33C-4E37-94C7-356C9C2B4E3E}.Release|iPhone.Build.0 = Release|Any CPU
		{5D31F8A4-E33C-4E37-94C7-356C9C2B4E3E}.Release|iPhone.Deploy.0 = Release|Any CPU
		{5D31F8A4-E33C-4E37-94C7-356C9C2B4E3E}.Release|iPhoneSimulator.ActiveCfg = Release|Any CPU
		{5D31F8A4-E33C-4E37-94C7-356C9C2B4E3E}.Release|iPhoneSimulator.Build.0 = Release|Any CPU
		{5D31F8A4-E33C-4E37-94C7-356C9C2B4E3E}.Release|iPhoneSimulator.Deploy.0 = Release|Any CPU
	EndGlobalSection
	GlobalSection(SolutionProperties) = preSolution
		HideSolutionNode = FALSE
	EndGlobalSection
	GlobalSection(ExtensibilityGlobals) = postSolution
		SolutionGuid = {D20A55EF-304E-49B6-BD70-AA1346DBBD69}
	EndGlobalSection
EndGlobal
